
Microsoft Visual Studio Solution File, Format Version 12.00
# Visual Studio 14
VisualStudioVersion = 14.0.24720.0
MinimumVisualStudioVersion = 10.0.40219.1
Project("{FAE04EC0-301F-11D3-BF4B-00C04F79EFBC}") = "ZufallsRPG", "ZufallsRPG\ZufallsRPG.csproj", "{74730388-62E3-4719-BAF4-49307E3FFA83}"
EndProject
Global
	GlobalSection(SolutionConfigurationPlatforms) = preSolution
		Debug|x86 = Debug|x86
		Release|x86 = Release|x86
	EndGlobalSection
	GlobalSection(ProjectConfigurationPlatforms) = postSolution
		{74730388-62E3-4719-BAF4-49307E3FFA83}.Debug|x86.ActiveCfg = Debug|x86
		{74730388-62E3-4719-BAF4-49307E3FFA83}.Debug|x86.Build.0 = Debug|x86
		{74730388-62E3-4719-BAF4-49307E3FFA83}.Release|x86.ActiveCfg = Release|x86
		{74730388-62E3-4719-BAF4-49307E3FFA83}.Release|x86.Build.0 = Release|x86
	EndGlobalSection
	GlobalSection(SolutionProperties) = preSolution
		HideSolutionNode = FALSE
	EndGlobalSection
EndGlobal
